
Microsoft Visual Studio Solution File, Format Version 12.00
# Visual Studio Version 16
VisualStudioVersion = 16.0.30114.105
MinimumVisualStudioVersion = 10.0.40219.1
Project("{FAE04EC0-301F-11D3-BF4B-00C04F79EFBC}") = "Final_.Net12", "Final_.Net12\Final_.Net12.csproj", "{76543D1C-1A65-4A88-BBD9-4E662A5F3C12}"
EndProject
Global
	GlobalSection(SolutionConfigurationPlatforms) = preSolution
		Debug|Any CPU = Debug|Any CPU
		Release|Any CPU = Release|Any CPU
	EndGlobalSection
	GlobalSection(ProjectConfigurationPlatforms) = postSolution
		{76543D1C-1A65-4A88-BBD9-4E662A5F3C12}.Debug|Any CPU.ActiveCfg = Debug|Any CPU
		{76543D1C-1A65-4A88-BBD9-4E662A5F3C12}.Debug|Any CPU.Build.0 = Debug|Any CPU
		{76543D1C-1A65-4A88-BBD9-4E662A5F3C12}.Release|Any CPU.ActiveCfg = Release|Any CPU
		{76543D1C-1A65-4A88-BBD9-4E662A5F3C12}.Release|Any CPU.Build.0 = Release|Any CPU
	EndGlobalSection
	GlobalSection(SolutionProperties) = preSolution
		HideSolutionNode = FALSE
	EndGlobalSection
	GlobalSection(ExtensibilityGlobals) = postSolution
		SolutionGuid = {C9B6E5DC-EE9F-456A-B6F2-7724BBB81566}
	EndGlobalSection
EndGlobal
